// !$*UTF8*$!
{
	archiveVersion = 1;
	classes = {
	};
	objectVersion = 56;
	objects = {

/* Begin PBXBuildFile section */
		E71DF24D2A2F959F006F1F4B /* NetworkService.swift in Sources */ = {isa = PBXBuildFile; fileRef = E71DF24C2A2F959F006F1F4B /* NetworkService.swift */; };
		E71DF2512A2F9602006F1F4B /* Game.swift in Sources */ = {isa = PBXBuildFile; fileRef = E71DF2502A2F9602006F1F4B /* Game.swift */; };
		E71DF2542A2F9B1F006F1F4B /* HomeViewModel.swift in Sources */ = {isa = PBXBuildFile; fileRef = E71DF2532A2F9B1F006F1F4B /* HomeViewModel.swift */; };
		E7A40CAD2A30E5870035AFB0 /* DetailView.swift in Sources */ = {isa = PBXBuildFile; fileRef = E7A40CAC2A30E5870035AFB0 /* DetailView.swift */; };
		E7D870862A2F8C10006717F1 /* iPlayApp.swift in Sources */ = {isa = PBXBuildFile; fileRef = E7D870852A2F8C10006717F1 /* iPlayApp.swift */; };
		E7D870882A2F8C10006717F1 /* HomeView.swift in Sources */ = {isa = PBXBuildFile; fileRef = E7D870872A2F8C10006717F1 /* HomeView.swift */; };
		E7D8708A2A2F8C12006717F1 /* Assets.xcassets in Resources */ = {isa = PBXBuildFile; fileRef = E7D870892A2F8C12006717F1 /* Assets.xcassets */; };
		E7D8708D2A2F8C12006717F1 /* Preview Assets.xcassets in Resources */ = {isa = PBXBuildFile; fileRef = E7D8708C2A2F8C12006717F1 /* Preview Assets.xcassets */; };
/* End PBXBuildFile section */

/* Begin PBXFileReference section */
		E71DF24C2A2F959F006F1F4B /* NetworkService.swift */ = {isa = PBXFileReference; lastKnownFileType = sourcecode.swift; path = NetworkService.swift; sourceTree = "<group>"; };
		E71DF2502A2F9602006F1F4B /* Game.swift */ = {isa = PBXFileReference; lastKnownFileType = sourcecode.swift; path = Game.swift; sourceTree = "<group>"; };
		E71DF2532A2F9B1F006F1F4B /* HomeViewModel.swift */ = {isa = PBXFileReference; lastKnownFileType = sourcecode.swift; path = HomeViewModel.swift; sourceTree = "<group>"; };
		E7A40CAC2A30E5870035AFB0 /* DetailView.swift */ = {isa = PBXFileReference; lastKnownFileType = sourcecode.swift; path = DetailView.swift; sourceTree = "<group>"; };
		E7D870822A2F8C10006717F1 /* iPlay.app */ = {isa = PBXFileReference; explicitFileType = wrapper.application; includeInIndex = 0; path = iPlay.app; sourceTree = BUILT_PRODUCTS_DIR; };
		E7D870852A2F8C10006717F1 /* iPlayApp.swift */ = {isa = PBXFileReference; lastKnownFileType = sourcecode.swift; path = iPlayApp.swift; sourceTree = "<group>"; };
		E7D870872A2F8C10006717F1 /* HomeView.swift */ = {isa = PBXFileReference; lastKnownFileType = sourcecode.swift; path = HomeView.swift; sourceTree = "<group>"; };
		E7D870892A2F8C12006717F1 /* Assets.xcassets */ = {isa = PBXFileReference; lastKnownFileType = folder.assetcatalog; path = Assets.xcassets; sourceTree = "<group>"; };
		E7D8708C2A2F8C12006717F1 /* Preview Assets.xcassets */ = {isa = PBXFileReference; lastKnownFileType = folder.assetcatalog; path = "Preview Assets.xcassets"; sourceTree = "<group>"; };
/* End PBXFileReference section */

/* Begin PBXFrameworksBuildPhase section */
		E7D8707F2A2F8C10006717F1 /* Frameworks */ = {
			isa = PBXFrameworksBuildPhase;
			buildActionMask = 2147483647;
			files = (
			);
			runOnlyForDeploymentPostprocessing = 0;
		};
/* End PBXFrameworksBuildPhase section */

/* Begin PBXGroup section */
		E71DF24B2A2F952A006F1F4B /* Helpers */ = {
			isa = PBXGroup;
			children = (
				E71DF24C2A2F959F006F1F4B /* NetworkService.swift */,
			);
			path = Helpers;
			sourceTree = "<group>";
		};
		E71DF24F2A2F95EB006F1F4B /* Model */ = {
			isa = PBXGroup;
			children = (
				E71DF2502A2F9602006F1F4B /* Game.swift */,
			);
			path = Model;
			sourceTree = "<group>";
		};
		E71DF2522A2F9AF9006F1F4B /* ViewModel */ = {
			isa = PBXGroup;
			children = (
				E71DF2532A2F9B1F006F1F4B /* HomeViewModel.swift */,
			);
			path = ViewModel;
			sourceTree = "<group>";
		};
		E7A40CAB2A30E5770035AFB0 /* View */ = {
			isa = PBXGroup;
			children = (
				E7A40CAC2A30E5870035AFB0 /* DetailView.swift */,
			);
			path = View;
			sourceTree = "<group>";
		};
		E7D870792A2F8C10006717F1 = {
			isa = PBXGroup;
			children = (
				E7D870842A2F8C10006717F1 /* iPlay */,
				E7D870832A2F8C10006717F1 /* Products */,
			);
			sourceTree = "<group>";
		};
		E7D870832A2F8C10006717F1 /* Products */ = {
			isa = PBXGroup;
			children = (
				E7D870822A2F8C10006717F1 /* iPlay.app */,
			);
			name = Products;
			sourceTree = "<group>";
		};
		E7D870842A2F8C10006717F1 /* iPlay */ = {
			isa = PBXGroup;
			children = (
				E7A40CAB2A30E5770035AFB0 /* View */,
				E71DF2522A2F9AF9006F1F4B /* ViewModel */,
				E71DF24F2A2F95EB006F1F4B /* Model */,
				E71DF24B2A2F952A006F1F4B /* Helpers */,
				E7D870852A2F8C10006717F1 /* iPlayApp.swift */,
				E7D870872A2F8C10006717F1 /* HomeView.swift */,
				E7D870892A2F8C12006717F1 /* Assets.xcassets */,
				E7D8708B2A2F8C12006717F1 /* Preview Content */,
			);
			path = iPlay;
			sourceTree = "<group>";
		};
		E7D8708B2A2F8C12006717F1 /* Preview Content */ = {
			isa = PBXGroup;
			children = (
				E7D8708C2A2F8C12006717F1 /* Preview Assets.xcassets */,
			);
			path = "Preview Content";
			sourceTree = "<group>";
		};
/* End PBXGroup section */

/* Begin PBXNativeTarget section */
		E7D870812A2F8C10006717F1 /* iPlay */ = {
			isa = PBXNativeTarget;
			buildConfigurationList = E7D870902A2F8C12006717F1 /* Build configuration list for PBXNativeTarget "iPlay" */;
			buildPhases = (
				E7D8707E2A2F8C10006717F1 /* Sources */,
				E7D8707F2A2F8C10006717F1 /* Frameworks */,
				E7D870802A2F8C10006717F1 /* Resources */,
			);
			buildRules = (
			);
			dependencies = (
			);
			name = iPlay;
			productName = iPlay;
			productReference = E7D870822A2F8C10006717F1 /* iPlay.app */;
			productType = "com.apple.product-type.application";
		};
/* End PBXNativeTarget section */

/* Begin PBXProject section */
		E7D8707A2A2F8C10006717F1 /* Project object */ = {
			isa = PBXProject;
			attributes = {
				BuildIndependentTargetsInParallel = 1;
				LastSwiftUpdateCheck = 1430;
				LastUpgradeCheck = 1430;
				TargetAttributes = {
					E7D870812A2F8C10006717F1 = {
						CreatedOnToolsVersion = 14.3.1;
					};
				};
			};
			buildConfigurationList = E7D8707D2A2F8C10006717F1 /* Build configuration list for PBXProject "iPlay" */;
			compatibilityVersion = "Xcode 14.0";
			developmentRegion = en;
			hasScannedForEncodings = 0;
			knownRegions = (
				en,
				Base,
			);
			mainGroup = E7D870792A2F8C10006717F1;
			productRefGroup = E7D870832A2F8C10006717F1 /* Products */;
			projectDirPath = "";
			projectRoot = "";
			targets = (
				E7D870812A2F8C10006717F1 /* iPlay */,
			);
		};
/* End PBXProject section */

/* Begin PBXResourcesBuildPhase section */
		E7D870802A2F8C10006717F1 /* Resources */ = {
			isa = PBXResourcesBuildPhase;
			buildActionMask = 2147483647;
			files = (
				E7D8708D2A2F8C12006717F1 /* Preview Assets.xcassets in Resources */,
				E7D8708A2A2F8C12006717F1 /* Assets.xcassets in Resources */,
			);
			runOnlyForDeploymentPostprocessing = 0;
		};
/* End PBXResourcesBuildPhase section */

/* Begin PBXSourcesBuildPhase section */
		E7D8707E2A2F8C10006717F1 /* Sources */ = {
			isa = PBXSourcesBuildPhase;
			buildActionMask = 2147483647;
			files = (
				E7D870882A2F8C10006717F1 /* HomeView.swift in Sources */,
				E7A40CAD2A30E5870035AFB0 /* DetailView.swift in Sources */,
				E71DF24D2A2F959F006F1F4B /* NetworkService.swift in Sources */,
				E7D870862A2F8C10006717F1 /* iPlayApp.swift in Sources */,
				E71DF2542A2F9B1F006F1F4B /* HomeViewModel.swift in Sources */,
				E71DF2512A2F9602006F1F4B /* Game.swift in Sources */,
			);
			runOnlyForDeploymentPostprocessing = 0;
		};
/* End PBXSourcesBuildPhase section */

/* Begin XCBuildConfiguration section */
		E7D8708E2A2F8C12006717F1 /* Debug */ = {
			isa = XCBuildConfiguration;
			buildSettings = {
				ALWAYS_SEARCH_USER_PATHS = NO;
				CLANG_ANALYZER_NONNULL = YES;
				CLANG_ANALYZER_NUMBER_OBJECT_CONVERSION = YES_AGGRESSIVE;
				CLANG_CXX_LANGUAGE_STANDARD = "gnu++20";
				CLANG_ENABLE_MODULES = YES;
				CLANG_ENABLE_OBJC_ARC = YES;
				CLANG_ENABLE_OBJC_WEAK = YES;
				CLANG_WARN_BLOCK_CAPTURE_AUTORELEASING = YES;
				CLANG_WARN_BOOL_CONVERSION = YES;
				CLANG_WARN_COMMA = YES;
				CLANG_WARN_CONSTANT_CONVERSION = YES;
				CLANG_WARN_DEPRECATED_OBJC_IMPLEMENTATIONS = YES;
				CLANG_WARN_DIRECT_OBJC_ISA_USAGE = YES_ERROR;
				CLANG_WARN_DOCUMENTATION_COMMENTS = YES;
				CLANG_WARN_EMPTY_BODY = YES;
				CLANG_WARN_ENUM_CONVERSION = YES;
				CLANG_WARN_INFINITE_RECURSION = YES;
				CLANG_WARN_INT_CONVERSION = YES;
				CLANG_WARN_NON_LITERAL_NULL_CONVERSION = YES;
				CLANG_WARN_OBJC_IMPLICIT_RETAIN_SELF = YES;
				CLANG_WARN_OBJC_LITERAL_CONVERSION = YES;
				CLANG_WARN_OBJC_ROOT_CLASS = YES_ERROR;
				CLANG_WARN_QUOTED_INCLUDE_IN_FRAMEWORK_HEADER = YES;
				CLANG_WARN_RANGE_LOOP_ANALYSIS = YES;
				CLANG_WARN_STRICT_PROTOTYPES = YES;
				CLANG_WARN_SUSPICIOUS_MOVE = YES;
				CLANG_WARN_UNGUARDED_AVAILABILITY = YES_AGGRESSIVE;
				CLANG_WARN_UNREACHABLE_CODE = YES;
				CLANG_WARN__DUPLICATE_METHOD_MATCH = YES;
				COPY_PHASE_STRIP = NO;
				DEBUG_INFORMATION_FORMAT = dwarf;
				ENABLE_STRICT_OBJC_MSGSEND = YES;
				ENABLE_TESTABILITY = YES;
				GCC_C_LANGUAGE_STANDARD = gnu11;
				GCC_DYNAMIC_NO_PIC = NO;
				GCC_NO_COMMON_BLOCKS = YES;
				GCC_OPTIMIZATION_LEVEL = 0;
				GCC_PREPROCESSOR_DEFINITIONS = (
					"DEBUG=1",
					"$(inherited)",
				);
				GCC_WARN_64_TO_32_BIT_CONVERSION = YES;
				GCC_WARN_ABOUT_RETURN_TYPE = YES_ERROR;
				GCC_WARN_UNDECLARED_SELECTOR = YES;
				GCC_WARN_UNINITIALIZED_AUTOS = YES_AGGRESSIVE;
				GCC_WARN_UNUSED_FUNCTION = YES;
				GCC_WARN_UNUSED_VARIABLE = YES;
				IPHONEOS_DEPLOYMENT_TARGET = 16.4;
				MTL_ENABLE_DEBUG_INFO = INCLUDE_SOURCE;
				MTL_FAST_MATH = YES;
				ONLY_ACTIVE_ARCH = YES;
				SDKROOT = iphoneos;
				SWIFT_ACTIVE_COMPILATION_CONDITIONS = DEBUG;
				SWIFT_OPTIMIZATION_LEVEL = "-Onone";
			};
			name = Debug;
		};
		E7D8708F2A2F8C12006717F1 /* Release */ = {
			isa = XCBuildConfiguration;
			buildSettings = {
				ALWAYS_SEARCH_USER_PATHS = NO;
				CLANG_ANALYZER_NONNULL = YES;
				CLANG_ANALYZER_NUMBER_OBJECT_CONVERSION = YES_AGGRESSIVE;
				CLANG_CXX_LANGUAGE_STANDARD = "gnu++20";
				CLANG_ENABLE_MODULES = YES;
				CLANG_ENABLE_OBJC_ARC = YES;
				CLANG_ENABLE_OBJC_WEAK = YES;
				CLANG_WARN_BLOCK_CAPTURE_AUTORELEASING = YES;
				CLANG_WARN_BOOL_CONVERSION = YES;
				CLANG_WARN_COMMA = YES;
				CLANG_WARN_CONSTANT_CONVERSION = YES;
				CLANG_WARN_DEPRECATED_OBJC_IMPLEMENTATIONS = YES;
				CLANG_WARN_DIRECT_OBJC_ISA_USAGE = YES_ERROR;
				CLANG_WARN_DOCUMENTATION_COMMENTS = YES;
				CLANG_WARN_EMPTY_BODY = YES;
				CLANG_WARN_ENUM_CONVERSION = YES;
				CLANG_WARN_INFINITE_RECURSION = YES;
				CLANG_WARN_INT_CONVERSION = YES;
				CLANG_WARN_NON_LITERAL_NULL_CONVERSION = YES;
				CLANG_WARN_OBJC_IMPLICIT_RETAIN_SELF = YES;
				CLANG_WARN_OBJC_LITERAL_CONVERSION = YES;
				CLANG_WARN_OBJC_ROOT_CLASS = YES_ERROR;
				CLANG_WARN_QUOTED_INCLUDE_IN_FRAMEWORK_HEADER = YES;
				CLANG_WARN_RANGE_LOOP_ANALYSIS = YES;
				CLANG_WARN_STRICT_PROTOTYPES = YES;
				CLANG_WARN_SUSPICIOUS_MOVE = YES;
				CLANG_WARN_UNGUARDED_AVAILABILITY = YES_AGGRESSIVE;
				CLANG_WARN_UNREACHABLE_CODE = YES;
				CLANG_WARN__DUPLICATE_METHOD_MATCH = YES;
				COPY_PHASE_STRIP = NO;
				DEBUG_INFORMATION_FORMAT = "dwarf-with-dsym";
				ENABLE_NS_ASSERTIONS = NO;
				ENABLE_STRICT_OBJC_MSGSEND = YES;
				GCC_C_LANGUAGE_STANDARD = gnu11;
				GCC_NO_COMMON_BLOCKS = YES;
				GCC_WARN_64_TO_32_BIT_CONVERSION = YES;
				GCC_WARN_ABOUT_RETURN_TYPE = YES_ERROR;
				GCC_WARN_UNDECLARED_SELECTOR = YES;
				GCC_WARN_UNINITIALIZED_AUTOS = YES_AGGRESSIVE;
				GCC_WARN_UNUSED_FUNCTION = YES;
				GCC_WARN_UNUSED_VARIABLE = YES;
				IPHONEOS_DEPLOYMENT_TARGET = 16.4;
				MTL_ENABLE_DEBUG_INFO = NO;
				MTL_FAST_MATH = YES;
				SDKROOT = iphoneos;
				SWIFT_COMPILATION_MODE = wholemodule;
				SWIFT_OPTIMIZATION_LEVEL = "-O";
				VALIDATE_PRODUCT = YES;
			};
			name = Release;
		};
		E7D870912A2F8C12006717F1 /* Debug */ = {
			isa = XCBuildConfiguration;
			buildSettings = {
				ASSETCATALOG_COMPILER_APPICON_NAME = AppIcon;
				ASSETCATALOG_COMPILER_GLOBAL_ACCENT_COLOR_NAME = AccentColor;
				CODE_SIGN_STYLE = Automatic;
				CURRENT_PROJECT_VERSION = 1;
				DEVELOPMENT_ASSET_PATHS = "\"iPlay/Preview Content\"";
				ENABLE_PREVIEWS = YES;
				GENERATE_INFOPLIST_FILE = YES;
				INFOPLIST_KEY_UIApplicationSceneManifest_Generation = YES;
				INFOPLIST_KEY_UIApplicationSupportsIndirectInputEvents = YES;
				INFOPLIST_KEY_UILaunchScreen_Generation = YES;
				INFOPLIST_KEY_UISupportedInterfaceOrientations_iPad = "UIInterfaceOrientationPortrait UIInterfaceOrientationPortraitUpsideDown UIInterfaceOrientationLandscapeLeft UIInterfaceOrientationLandscapeRight";
				INFOPLIST_KEY_UISupportedInterfaceOrientations_iPhone = "UIInterfaceOrientationPortrait UIInterfaceOrientationLandscapeLeft UIInterfaceOrientationLandscapeRight";
				LD_RUNPATH_SEARCH_PATHS = (
					"$(inherited)",
					"@executable_path/Frameworks",
				);
				MARKETING_VERSION = 1.0;
				PRODUCT_BUNDLE_IDENTIFIER = com.fakhryan.iPlay;
				PRODUCT_NAME = "$(TARGET_NAME)";
				SWIFT_EMIT_LOC_STRINGS = YES;
				SWIFT_VERSION = 5.0;
				TARGETED_DEVICE_FAMILY = "1,2";
			};
			name = Debug;
		};
		E7D870922A2F8C12006717F1 /* Release */ = {
			isa = XCBuildConfiguration;
			buildSettings = {
				ASSETCATALOG_COMPILER_APPICON_NAME = AppIcon;
				ASSETCATALOG_COMPILER_GLOBAL_ACCENT_COLOR_NAME = AccentColor;
				CODE_SIGN_STYLE = Automatic;
				CURRENT_PROJECT_VERSION = 1;
				DEVELOPMENT_ASSET_PATHS = "\"iPlay/Preview Content\"";
				ENABLE_PREVIEWS = YES;
				GENERATE_INFOPLIST_FILE = YES;
				INFOPLIST_KEY_UIApplicationSceneManifest_Generation = YES;
				INFOPLIST_KEY_UIApplicationSupportsIndirectInputEvents = YES;
				INFOPLIST_KEY_UILaunchScreen_Generation = YES;
				INFOPLIST_KEY_UISupportedInterfaceOrientations_iPad = "UIInterfaceOrientationPortrait UIInterfaceOrientationPortraitUpsideDown UIInterfaceOrientationLandscapeLeft UIInterfaceOrientationLandscapeRight";
				INFOPLIST_KEY_UISupportedInterfaceOrientations_iPhone = "UIInterfaceOrientationPortrait UIInterfaceOrientationLandscapeLeft UIInterfaceOrientationLandscapeRight";
				LD_RUNPATH_SEARCH_PATHS = (
					"$(inherited)",
					"@executable_path/Frameworks",
				);
				MARKETING_VERSION = 1.0;
				PRODUCT_BUNDLE_IDENTIFIER = com.fakhryan.iPlay;
				PRODUCT_NAME = "$(TARGET_NAME)";
				SWIFT_EMIT_LOC_STRINGS = YES;
				SWIFT_VERSION = 5.0;
				TARGETED_DEVICE_FAMILY = "1,2";
			};
			name = Release;
		};
/* End XCBuildConfiguration section */

/* Begin XCConfigurationList section */
		E7D8707D2A2F8C10006717F1 /* Build configuration list for PBXProject "iPlay" */ = {
			isa = XCConfigurationList;
			buildConfigurations = (
				E7D8708E2A2F8C12006717F1 /* Debug */,
				E7D8708F2A2F8C12006717F1 /* Release */,
			);
			defaultConfigurationIsVisible = 0;
			defaultConfigurationName = Release;
		};
		E7D870902A2F8C12006717F1 /* Build configuration list for PBXNativeTarget "iPlay" */ = {
			isa = XCConfigurationList;
			buildConfigurations = (
				E7D870912A2F8C12006717F1 /* Debug */,
				E7D870922A2F8C12006717F1 /* Release */,
			);
			defaultConfigurationIsVisible = 0;
			defaultConfigurationName = Release;
		};
/* End XCConfigurationList section */
	};
	rootObject = E7D8707A2A2F8C10006717F1 /* Project object */;
}
